
Microsoft Visual Studio Solution File, Format Version 12.00
# Visual Studio 2012
Project("{FAE04EC0-301F-11D3-BF4B-00C04F79EFBC}") = "leap", "leap\leap.csproj", "{1B48A305-B760-4173-BD80-2F1F3B978DBB}"
EndProject
Project("{2150E333-8FDC-42A3-9474-1A3956D46DE8}") = "Solution Items", "Solution Items", "{3773D385-5476-45AE-8858-7067D3B721A7}"
EndProject
Project("{FAE04EC0-301F-11D3-BF4B-00C04F79EFBC}") = "bob", "bob\bob.csproj", "{A9298D08-41FF-4C5C-A093-E41D180696B8}"
EndProject
Project("{FAE04EC0-301F-11D3-BF4B-00C04F79EFBC}") = "etl", "etl\etl.csproj", "{32C83C0E-4EA3-496F-A414-903F983130EB}"
EndProject
Project("{FAE04EC0-301F-11D3-BF4B-00C04F79EFBC}") = "anagram", "anagram\anagram.csproj", "{753E0D96-2E62-4A03-AA60-539FC99EA3EF}"
EndProject
Project("{FAE04EC0-301F-11D3-BF4B-00C04F79EFBC}") = "hamming", "hamming\hamming.csproj", "{81C38EE3-6C6A-452F-9FCC-88C9FB726727}"
EndProject
Global
	GlobalSection(SolutionConfigurationPlatforms) = preSolution
		Debug|Any CPU = Debug|Any CPU
		Release|Any CPU = Release|Any CPU
	EndGlobalSection
	GlobalSection(ProjectConfigurationPlatforms) = postSolution
		{1B48A305-B760-4173-BD80-2F1F3B978DBB}.Debug|Any CPU.ActiveCfg = Debug|Any CPU
		{1B48A305-B760-4173-BD80-2F1F3B978DBB}.Debug|Any CPU.Build.0 = Debug|Any CPU
		{1B48A305-B760-4173-BD80-2F1F3B978DBB}.Release|Any CPU.ActiveCfg = Release|Any CPU
		{1B48A305-B760-4173-BD80-2F1F3B978DBB}.Release|Any CPU.Build.0 = Release|Any CPU
		{32C83C0E-4EA3-496F-A414-903F983130EB}.Debug|Any CPU.ActiveCfg = Debug|Any CPU
		{32C83C0E-4EA3-496F-A414-903F983130EB}.Debug|Any CPU.Build.0 = Debug|Any CPU
		{32C83C0E-4EA3-496F-A414-903F983130EB}.Release|Any CPU.ActiveCfg = Release|Any CPU
		{32C83C0E-4EA3-496F-A414-903F983130EB}.Release|Any CPU.Build.0 = Release|Any CPU
		{753E0D96-2E62-4A03-AA60-539FC99EA3EF}.Debug|Any CPU.ActiveCfg = Debug|Any CPU
		{753E0D96-2E62-4A03-AA60-539FC99EA3EF}.Debug|Any CPU.Build.0 = Debug|Any CPU
		{753E0D96-2E62-4A03-AA60-539FC99EA3EF}.Release|Any CPU.ActiveCfg = Release|Any CPU
		{753E0D96-2E62-4A03-AA60-539FC99EA3EF}.Release|Any CPU.Build.0 = Release|Any CPU
		{81C38EE3-6C6A-452F-9FCC-88C9FB726727}.Debug|Any CPU.ActiveCfg = Debug|Any CPU
		{81C38EE3-6C6A-452F-9FCC-88C9FB726727}.Debug|Any CPU.Build.0 = Debug|Any CPU
		{81C38EE3-6C6A-452F-9FCC-88C9FB726727}.Release|Any CPU.ActiveCfg = Release|Any CPU
		{81C38EE3-6C6A-452F-9FCC-88C9FB726727}.Release|Any CPU.Build.0 = Release|Any CPU
		{A9298D08-41FF-4C5C-A093-E41D180696B8}.Debug|Any CPU.ActiveCfg = Debug|Any CPU
		{A9298D08-41FF-4C5C-A093-E41D180696B8}.Debug|Any CPU.Build.0 = Debug|Any CPU
		{A9298D08-41FF-4C5C-A093-E41D180696B8}.Release|Any CPU.ActiveCfg = Release|Any CPU
		{A9298D08-41FF-4C5C-A093-E41D180696B8}.Release|Any CPU.Build.0 = Release|Any CPU
	EndGlobalSection
	GlobalSection(NestedProjects) = preSolution
	EndGlobalSection
EndGlobal
